// !$*UTF8*$!
{
	archiveVersion = 1;
	classes = {
	};
	objectVersion = 50;
	objects = {

/* Begin PBXBuildFile section */
		2C2F08A62180225E0048E9FB /* AppDelegate.swift in Sources */ = {isa = PBXBuildFile; fileRef = 2C2F08A52180225E0048E9FB /* AppDelegate.swift */; };
		2C2F08AD218022600048E9FB /* Assets.xcassets in Resources */ = {isa = PBXBuildFile; fileRef = 2C2F08AC218022600048E9FB /* Assets.xcassets */; };
		2C2F08B0218022600048E9FB /* LaunchScreen.storyboard in Resources */ = {isa = PBXBuildFile; fileRef = 2C2F08AE218022600048E9FB /* LaunchScreen.storyboard */; };
		2C2F08BB218040580048E9FB /* YanMainViewController.swift in Sources */ = {isa = PBXBuildFile; fileRef = 2C2F08BA218040580048E9FB /* YanMainViewController.swift */; };
		2C2F08BD218040770048E9FB /* YanNavigationController.swift in Sources */ = {isa = PBXBuildFile; fileRef = 2C2F08BC218040770048E9FB /* YanNavigationController.swift */; };
		2C2F08BF218040910048E9FB /* YanBaseViewController.swift in Sources */ = {isa = PBXBuildFile; fileRef = 2C2F08BE218040910048E9FB /* YanBaseViewController.swift */; };
		2C2F08CD218064E30048E9FB /* YanRecommendController.swift in Sources */ = {isa = PBXBuildFile; fileRef = 2C2F08CC218064E30048E9FB /* YanRecommendController.swift */; };
		2C2F08CF218064FF0048E9FB /* YanDiscoverController.swift in Sources */ = {isa = PBXBuildFile; fileRef = 2C2F08CE218064FF0048E9FB /* YanDiscoverController.swift */; };
		2C2F08D1218065160048E9FB /* YanCommunityController.swift in Sources */ = {isa = PBXBuildFile; fileRef = 2C2F08D0218065160048E9FB /* YanCommunityController.swift */; };
		2C2F08D3218065230048E9FB /* YanMineController.swift in Sources */ = {isa = PBXBuildFile; fileRef = 2C2F08D2218065230048E9FB /* YanMineController.swift */; };
/* End PBXBuildFile section */

/* Begin PBXFileReference section */
		2C2F08A22180225E0048E9FB /* MONO.app */ = {isa = PBXFileReference; explicitFileType = wrapper.application; includeInIndex = 0; path = MONO.app; sourceTree = BUILT_PRODUCTS_DIR; };
		2C2F08A52180225E0048E9FB /* AppDelegate.swift */ = {isa = PBXFileReference; lastKnownFileType = sourcecode.swift; path = AppDelegate.swift; sourceTree = "<group>"; };
		2C2F08AC218022600048E9FB /* Assets.xcassets */ = {isa = PBXFileReference; lastKnownFileType = folder.assetcatalog; path = Assets.xcassets; sourceTree = "<group>"; };
		2C2F08AF218022600048E9FB /* Base */ = {isa = PBXFileReference; lastKnownFileType = file.storyboard; name = Base; path = Base.lproj/LaunchScreen.storyboard; sourceTree = "<group>"; };
		2C2F08B1218022600048E9FB /* Info.plist */ = {isa = PBXFileReference; lastKnownFileType = text.plist.xml; path = Info.plist; sourceTree = "<group>"; };
		2C2F08BA218040580048E9FB /* YanMainViewController.swift */ = {isa = PBXFileReference; lastKnownFileType = sourcecode.swift; path = YanMainViewController.swift; sourceTree = "<group>"; };
		2C2F08BC218040770048E9FB /* YanNavigationController.swift */ = {isa = PBXFileReference; lastKnownFileType = sourcecode.swift; path = YanNavigationController.swift; sourceTree = "<group>"; };
		2C2F08BE218040910048E9FB /* YanBaseViewController.swift */ = {isa = PBXFileReference; lastKnownFileType = sourcecode.swift; path = YanBaseViewController.swift; sourceTree = "<group>"; };
		2C2F08CC218064E30048E9FB /* YanRecommendController.swift */ = {isa = PBXFileReference; lastKnownFileType = sourcecode.swift; path = YanRecommendController.swift; sourceTree = "<group>"; };
		2C2F08CE218064FF0048E9FB /* YanDiscoverController.swift */ = {isa = PBXFileReference; lastKnownFileType = sourcecode.swift; path = YanDiscoverController.swift; sourceTree = "<group>"; };
		2C2F08D0218065160048E9FB /* YanCommunityController.swift */ = {isa = PBXFileReference; lastKnownFileType = sourcecode.swift; path = YanCommunityController.swift; sourceTree = "<group>"; };
		2C2F08D2218065230048E9FB /* YanMineController.swift */ = {isa = PBXFileReference; lastKnownFileType = sourcecode.swift; path = YanMineController.swift; sourceTree = "<group>"; };
/* End PBXFileReference section */

/* Begin PBXFrameworksBuildPhase section */
		2C2F089F2180225E0048E9FB /* Frameworks */ = {
			isa = PBXFrameworksBuildPhase;
			buildActionMask = 2147483647;
			files = (
			);
			runOnlyForDeploymentPostprocessing = 0;
		};
/* End PBXFrameworksBuildPhase section */

/* Begin PBXGroup section */
		2C2F08992180225E0048E9FB = {
			isa = PBXGroup;
			children = (
				2C2F08A42180225E0048E9FB /* MONO */,
				2C2F08A32180225E0048E9FB /* Products */,
			);
			sourceTree = "<group>";
		};
		2C2F08A32180225E0048E9FB /* Products */ = {
			isa = PBXGroup;
			children = (
				2C2F08A22180225E0048E9FB /* MONO.app */,
			);
			name = Products;
			sourceTree = "<group>";
		};
		2C2F08A42180225E0048E9FB /* MONO */ = {
			isa = PBXGroup;
			children = (
				2C2F08B9218040250048E9FB /* Main */,
				2C2F08B821803FAD0048E9FB /* Classes */,
				2C2F08B721803F8B0048E9FB /* AppDelegate */,
				2C2F08AC218022600048E9FB /* Assets.xcassets */,
				2C2F08AE218022600048E9FB /* LaunchScreen.storyboard */,
				2C2F08B1218022600048E9FB /* Info.plist */,
			);
			path = MONO;
			sourceTree = "<group>";
		};
		2C2F08B721803F8B0048E9FB /* AppDelegate */ = {
			isa = PBXGroup;
			children = (
				2C2F08A52180225E0048E9FB /* AppDelegate.swift */,
			);
			path = AppDelegate;
			sourceTree = "<group>";
		};
		2C2F08B821803FAD0048E9FB /* Classes */ = {
			isa = PBXGroup;
			children = (
				2C2F08C32180493D0048E9FB /* Recommend */,
				2C2F08C2218049320048E9FB /* Discover */,
				2C2F08C1218049070048E9FB /* Community */,
				2C2F08C0218048EC0048E9FB /* Mine */,
			);
			path = Classes;
			sourceTree = "<group>";
		};
		2C2F08B9218040250048E9FB /* Main */ = {
			isa = PBXGroup;
			children = (
				2C2F08BA218040580048E9FB /* YanMainViewController.swift */,
				2C2F08BC218040770048E9FB /* YanNavigationController.swift */,
				2C2F08BE218040910048E9FB /* YanBaseViewController.swift */,
			);
			path = Main;
			sourceTree = "<group>";
		};
		2C2F08C0218048EC0048E9FB /* Mine */ = {
			isa = PBXGroup;
			children = (
				2C2F08D2218065230048E9FB /* YanMineController.swift */,
			);
			path = Mine;
			sourceTree = "<group>";
		};
		2C2F08C1218049070048E9FB /* Community */ = {
			isa = PBXGroup;
			children = (
				2C2F08D0218065160048E9FB /* YanCommunityController.swift */,
			);
			path = Community;
			sourceTree = "<group>";
		};
		2C2F08C2218049320048E9FB /* Discover */ = {
			isa = PBXGroup;
			children = (
				2C2F08CE218064FF0048E9FB /* YanDiscoverController.swift */,
			);
			path = Discover;
			sourceTree = "<group>";
		};
		2C2F08C32180493D0048E9FB /* Recommend */ = {
			isa = PBXGroup;
			children = (
				2C2F08CC218064E30048E9FB /* YanRecommendController.swift */,
			);
			path = Recommend;
			sourceTree = "<group>";
		};
/* End PBXGroup section */

/* Begin PBXNativeTarget section */
		2C2F08A12180225E0048E9FB /* MONO */ = {
			isa = PBXNativeTarget;
			buildConfigurationList = 2C2F08B4218022600048E9FB /* Build configuration list for PBXNativeTarget "MONO" */;
			buildPhases = (
				2C2F089E2180225E0048E9FB /* Sources */,
				2C2F089F2180225E0048E9FB /* Frameworks */,
				2C2F08A02180225E0048E9FB /* Resources */,
			);
			buildRules = (
			);
			dependencies = (
			);
			name = MONO;
			productName = MONO;
			productReference = 2C2F08A22180225E0048E9FB /* MONO.app */;
			productType = "com.apple.product-type.application";
		};
/* End PBXNativeTarget section */

/* Begin PBXProject section */
		2C2F089A2180225E0048E9FB /* Project object */ = {
			isa = PBXProject;
			attributes = {
				CLASSPREFIX = Yan;
				LastSwiftUpdateCheck = 0940;
				LastUpgradeCheck = 0940;
				ORGANIZATIONNAME = Tencent;
				TargetAttributes = {
					2C2F08A12180225E0048E9FB = {
						CreatedOnToolsVersion = 9.4.1;
					};
				};
			};
			buildConfigurationList = 2C2F089D2180225E0048E9FB /* Build configuration list for PBXProject "MONO" */;
			compatibilityVersion = "Xcode 9.3";
			developmentRegion = en;
			hasScannedForEncodings = 0;
			knownRegions = (
				en,
				Base,
			);
			mainGroup = 2C2F08992180225E0048E9FB;
			productRefGroup = 2C2F08A32180225E0048E9FB /* Products */;
			projectDirPath = "";
			projectRoot = "";
			targets = (
				2C2F08A12180225E0048E9FB /* MONO */,
			);
		};
/* End PBXProject section */

/* Begin PBXResourcesBuildPhase section */
		2C2F08A02180225E0048E9FB /* Resources */ = {
			isa = PBXResourcesBuildPhase;
			buildActionMask = 2147483647;
			files = (
				2C2F08B0218022600048E9FB /* LaunchScreen.storyboard in Resources */,
				2C2F08AD218022600048E9FB /* Assets.xcassets in Resources */,
			);
			runOnlyForDeploymentPostprocessing = 0;
		};
/* End PBXResourcesBuildPhase section */

/* Begin PBXSourcesBuildPhase section */
		2C2F089E2180225E0048E9FB /* Sources */ = {
			isa = PBXSourcesBuildPhase;
			buildActionMask = 2147483647;
			files = (
				2C2F08D1218065160048E9FB /* YanCommunityController.swift in Sources */,
				2C2F08BF218040910048E9FB /* YanBaseViewController.swift in Sources */,
				2C2F08BD218040770048E9FB /* YanNavigationController.swift in Sources */,
				2C2F08BB218040580048E9FB /* YanMainViewController.swift in Sources */,
				2C2F08CF218064FF0048E9FB /* YanDiscoverController.swift in Sources */,
				2C2F08CD218064E30048E9FB /* YanRecommendController.swift in Sources */,
				2C2F08A62180225E0048E9FB /* AppDelegate.swift in Sources */,
				2C2F08D3218065230048E9FB /* YanMineController.swift in Sources */,
			);
			runOnlyForDeploymentPostprocessing = 0;
		};
/* End PBXSourcesBuildPhase section */

/* Begin PBXVariantGroup section */
		2C2F08AE218022600048E9FB /* LaunchScreen.storyboard */ = {
			isa = PBXVariantGroup;
			children = (
				2C2F08AF218022600048E9FB /* Base */,
			);
			name = LaunchScreen.storyboard;
			sourceTree = "<group>";
		};
/* End PBXVariantGroup section */

/* Begin XCBuildConfiguration section */
		2C2F08B2218022600048E9FB /* Debug */ = {
			isa = XCBuildConfiguration;
			buildSettings = {
				ALWAYS_SEARCH_USER_PATHS = NO;
				CLANG_ANALYZER_NONNULL = YES;
				CLANG_ANALYZER_NUMBER_OBJECT_CONVERSION = YES_AGGRESSIVE;
				CLANG_CXX_LANGUAGE_STANDARD = "gnu++14";
				CLANG_CXX_LIBRARY = "libc++";
				CLANG_ENABLE_MODULES = YES;
				CLANG_ENABLE_OBJC_ARC = YES;
				CLANG_ENABLE_OBJC_WEAK = YES;
				CLANG_WARN_BLOCK_CAPTURE_AUTORELEASING = YES;
				CLANG_WARN_BOOL_CONVERSION = YES;
				CLANG_WARN_COMMA = YES;
				CLANG_WARN_CONSTANT_CONVERSION = YES;
				CLANG_WARN_DEPRECATED_OBJC_IMPLEMENTATIONS = YES;
				CLANG_WARN_DIRECT_OBJC_ISA_USAGE = YES_ERROR;
				CLANG_WARN_DOCUMENTATION_COMMENTS = YES;
				CLANG_WARN_EMPTY_BODY = YES;
				CLANG_WARN_ENUM_CONVERSION = YES;
				CLANG_WARN_INFINITE_RECURSION = YES;
				CLANG_WARN_INT_CONVERSION = YES;
				CLANG_WARN_NON_LITERAL_NULL_CONVERSION = YES;
				CLANG_WARN_OBJC_IMPLICIT_RETAIN_SELF = YES;
				CLANG_WARN_OBJC_LITERAL_CONVERSION = YES;
				CLANG_WARN_OBJC_ROOT_CLASS = YES_ERROR;
				CLANG_WARN_RANGE_LOOP_ANALYSIS = YES;
				CLANG_WARN_STRICT_PROTOTYPES = YES;
				CLANG_WARN_SUSPICIOUS_MOVE = YES;
				CLANG_WARN_UNGUARDED_AVAILABILITY = YES_AGGRESSIVE;
				CLANG_WARN_UNREACHABLE_CODE = YES;
				CLANG_WARN__DUPLICATE_METHOD_MATCH = YES;
				CODE_SIGN_IDENTITY = "iPhone Developer";
				COPY_PHASE_STRIP = NO;
				DEBUG_INFORMATION_FORMAT = dwarf;
				ENABLE_STRICT_OBJC_MSGSEND = YES;
				ENABLE_TESTABILITY = YES;
				GCC_C_LANGUAGE_STANDARD = gnu11;
				GCC_DYNAMIC_NO_PIC = NO;
				GCC_NO_COMMON_BLOCKS = YES;
				GCC_OPTIMIZATION_LEVEL = 0;
				GCC_PREPROCESSOR_DEFINITIONS = (
					"DEBUG=1",
					"$(inherited)",
				);
				GCC_WARN_64_TO_32_BIT_CONVERSION = YES;
				GCC_WARN_ABOUT_RETURN_TYPE = YES_ERROR;
				GCC_WARN_UNDECLARED_SELECTOR = YES;
				GCC_WARN_UNINITIALIZED_AUTOS = YES_AGGRESSIVE;
				GCC_WARN_UNUSED_FUNCTION = YES;
				GCC_WARN_UNUSED_VARIABLE = YES;
				IPHONEOS_DEPLOYMENT_TARGET = 11.4;
				MTL_ENABLE_DEBUG_INFO = YES;
				ONLY_ACTIVE_ARCH = YES;
				SDKROOT = iphoneos;
				SWIFT_ACTIVE_COMPILATION_CONDITIONS = DEBUG;
				SWIFT_OPTIMIZATION_LEVEL = "-Onone";
			};
			name = Debug;
		};
		2C2F08B3218022600048E9FB /* Release */ = {
			isa = XCBuildConfiguration;
			buildSettings = {
				ALWAYS_SEARCH_USER_PATHS = NO;
				CLANG_ANALYZER_NONNULL = YES;
				CLANG_ANALYZER_NUMBER_OBJECT_CONVERSION = YES_AGGRESSIVE;
				CLANG_CXX_LANGUAGE_STANDARD = "gnu++14";
				CLANG_CXX_LIBRARY = "libc++";
				CLANG_ENABLE_MODULES = YES;
				CLANG_ENABLE_OBJC_ARC = YES;
				CLANG_ENABLE_OBJC_WEAK = YES;
				CLANG_WARN_BLOCK_CAPTURE_AUTORELEASING = YES;
				CLANG_WARN_BOOL_CONVERSION = YES;
				CLANG_WARN_COMMA = YES;
				CLANG_WARN_CONSTANT_CONVERSION = YES;
				CLANG_WARN_DEPRECATED_OBJC_IMPLEMENTATIONS = YES;
				CLANG_WARN_DIRECT_OBJC_ISA_USAGE = YES_ERROR;
				CLANG_WARN_DOCUMENTATION_COMMENTS = YES;
				CLANG_WARN_EMPTY_BODY = YES;
				CLANG_WARN_ENUM_CONVERSION = YES;
				CLANG_WARN_INFINITE_RECURSION = YES;
				CLANG_WARN_INT_CONVERSION = YES;
				CLANG_WARN_NON_LITERAL_NULL_CONVERSION = YES;
				CLANG_WARN_OBJC_IMPLICIT_RETAIN_SELF = YES;
				CLANG_WARN_OBJC_LITERAL_CONVERSION = YES;
				CLANG_WARN_OBJC_ROOT_CLASS = YES_ERROR;
				CLANG_WARN_RANGE_LOOP_ANALYSIS = YES;
				CLANG_WARN_STRICT_PROTOTYPES = YES;
				CLANG_WARN_SUSPICIOUS_MOVE = YES;
				CLANG_WARN_UNGUARDED_AVAILABILITY = YES_AGGRESSIVE;
				CLANG_WARN_UNREACHABLE_CODE = YES;
				CLANG_WARN__DUPLICATE_METHOD_MATCH = YES;
				CODE_SIGN_IDENTITY = "iPhone Developer";
				COPY_PHASE_STRIP = NO;
				DEBUG_INFORMATION_FORMAT = "dwarf-with-dsym";
				ENABLE_NS_ASSERTIONS = NO;
				ENABLE_STRICT_OBJC_MSGSEND = YES;
				GCC_C_LANGUAGE_STANDARD = gnu11;
				GCC_NO_COMMON_BLOCKS = YES;
				GCC_WARN_64_TO_32_BIT_CONVERSION = YES;
				GCC_WARN_ABOUT_RETURN_TYPE = YES_ERROR;
				GCC_WARN_UNDECLARED_SELECTOR = YES;
				GCC_WARN_UNINITIALIZED_AUTOS = YES_AGGRESSIVE;
				GCC_WARN_UNUSED_FUNCTION = YES;
				GCC_WARN_UNUSED_VARIABLE = YES;
				IPHONEOS_DEPLOYMENT_TARGET = 11.4;
				MTL_ENABLE_DEBUG_INFO = NO;
				SDKROOT = iphoneos;
				SWIFT_COMPILATION_MODE = wholemodule;
				SWIFT_OPTIMIZATION_LEVEL = "-O";
				VALIDATE_PRODUCT = YES;
			};
			name = Release;
		};
		2C2F08B5218022600048E9FB /* Debug */ = {
			isa = XCBuildConfiguration;
			buildSettings = {
				ASSETCATALOG_COMPILER_APPICON_NAME = AppIcon;
				ASSETCATALOG_COMPILER_LAUNCHIMAGE_NAME = LaunchImage;
				CODE_SIGN_STYLE = Automatic;
				DEVELOPMENT_TEAM = 57X85VP9WN;
				INFOPLIST_FILE = MONO/Info.plist;
				IPHONEOS_DEPLOYMENT_TARGET = 9.0;
				LD_RUNPATH_SEARCH_PATHS = (
					"$(inherited)",
					"@executable_path/Frameworks",
				);
				PRODUCT_BUNDLE_IDENTIFIER = com.tencent.MONO;
				PRODUCT_NAME = "$(TARGET_NAME)";
				SWIFT_VERSION = 4.0;
				TARGETED_DEVICE_FAMILY = 1;
			};
			name = Debug;
		};
		2C2F08B6218022600048E9FB /* Release */ = {
			isa = XCBuildConfiguration;
			buildSettings = {
				ASSETCATALOG_COMPILER_APPICON_NAME = AppIcon;
				ASSETCATALOG_COMPILER_LAUNCHIMAGE_NAME = LaunchImage;
				CODE_SIGN_STYLE = Automatic;
				DEVELOPMENT_TEAM = 57X85VP9WN;
				INFOPLIST_FILE = MONO/Info.plist;
				IPHONEOS_DEPLOYMENT_TARGET = 9.0;
				LD_RUNPATH_SEARCH_PATHS = (
					"$(inherited)",
					"@executable_path/Frameworks",
				);
				PRODUCT_BUNDLE_IDENTIFIER = com.tencent.MONO;
				PRODUCT_NAME = "$(TARGET_NAME)";
				SWIFT_VERSION = 4.0;
				TARGETED_DEVICE_FAMILY = 1;
			};
			name = Release;
		};
/* End XCBuildConfiguration section */

/* Begin XCConfigurationList section */
		2C2F089D2180225E0048E9FB /* Build configuration list for PBXProject "MONO" */ = {
			isa = XCConfigurationList;
			buildConfigurations = (
				2C2F08B2218022600048E9FB /* Debug */,
				2C2F08B3218022600048E9FB /* Release */,
			);
			defaultConfigurationIsVisible = 0;
			defaultConfigurationName = Release;
		};
		2C2F08B4218022600048E9FB /* Build configuration list for PBXNativeTarget "MONO" */ = {
			isa = XCConfigurationList;
			buildConfigurations = (
				2C2F08B5218022600048E9FB /* Debug */,
				2C2F08B6218022600048E9FB /* Release */,
			);
			defaultConfigurationIsVisible = 0;
			defaultConfigurationName = Release;
		};
/* End XCConfigurationList section */
	};
	rootObject = 2C2F089A2180225E0048E9FB /* Project object */;
}
